
Microsoft Visual Studio Solution File, Format Version 12.00
# Visual Studio 2012
Project("{FAE04EC0-301F-11D3-BF4B-00C04F79EFBC}") = "AsiTechConsoleApp", "IselTechConsoleApp\AsiTechConsoleApp.csproj", "{13385328-E511-4A08-9081-5676672558FC}"
EndProject
Project("{FAE04EC0-301F-11D3-BF4B-00C04F79EFBC}") = "DAL.Model", "DAL.Model\DAL.Model.csproj", "{AF9CBAEC-0BC0-4B2C-8D2A-638F35237F6C}"
EndProject
Project("{FAE04EC0-301F-11D3-BF4B-00C04F79EFBC}") = "DAL.Access", "DAL.Access\DAL.Access.csproj", "{AB2EE858-2DB4-440B-82E4-4336B12F8ED2}"
EndProject
Project("{FAE04EC0-301F-11D3-BF4B-00C04F79EFBC}") = "DAL.EntityFramework", "DAL.EntityFramework\DAL.EntityFramework.csproj", "{8C19A9AF-5C0D-4909-A3AB-B363831616B4}"
EndProject
Project("{FAE04EC0-301F-11D3-BF4B-00C04F79EFBC}") = "Management.Service", "Management.Service\Management.Service.csproj", "{C80F19F1-17FE-403C-A258-5C41F3267923}"
EndProject
Project("{FAE04EC0-301F-11D3-BF4B-00C04F79EFBC}") = "Orders.Service", "Orders.Service\Orders.Service.csproj", "{4258F9BE-D279-4854-B12E-CC74ADD9806B}"
EndProject
Project("{FAE04EC0-301F-11D3-BF4B-00C04F79EFBC}") = "ServicesLauncher", "ServicesLauncher\ServicesLauncher.csproj", "{F7500577-7FEE-4D22-83CF-28D4C69E1E56}"
EndProject
Project("{FAE04EC0-301F-11D3-BF4B-00C04F79EFBC}") = "Notifications.Service", "Notifications.Service\Notifications.Service.csproj", "{77B0C24E-C80F-406C-88DA-E13941DC6C34}"
EndProject
Project("{FAE04EC0-301F-11D3-BF4B-00C04F79EFBC}") = "Business.Common", "Business.Common\Business.Common.csproj", "{3D975219-7392-4E88-9412-152A9048A7A3}"
EndProject
Project("{FAE04EC0-301F-11D3-BF4B-00C04F79EFBC}") = "ManagementApplication", "..\clients\ManagementApplication\ManagementApplication.csproj", "{0FAAF687-EE2D-4D0B-A0B5-1ED59366ACF3}"
EndProject
Project("{FAE04EC0-301F-11D3-BF4B-00C04F79EFBC}") = "OrderApplication", "..\clients\OrderApplication\OrderApplication.csproj", "{AD3BCD94-9B41-4DB7-ACBE-DA3B55EDEE0B}"
EndProject
Global
	GlobalSection(SolutionConfigurationPlatforms) = preSolution
		Debug|Any CPU = Debug|Any CPU
		Release|Any CPU = Release|Any CPU
	EndGlobalSection
	GlobalSection(ProjectConfigurationPlatforms) = postSolution
		{13385328-E511-4A08-9081-5676672558FC}.Debug|Any CPU.ActiveCfg = Debug|Any CPU
		{13385328-E511-4A08-9081-5676672558FC}.Debug|Any CPU.Build.0 = Debug|Any CPU
		{13385328-E511-4A08-9081-5676672558FC}.Release|Any CPU.ActiveCfg = Release|Any CPU
		{13385328-E511-4A08-9081-5676672558FC}.Release|Any CPU.Build.0 = Release|Any CPU
		{AF9CBAEC-0BC0-4B2C-8D2A-638F35237F6C}.Debug|Any CPU.ActiveCfg = Debug|Any CPU
		{AF9CBAEC-0BC0-4B2C-8D2A-638F35237F6C}.Debug|Any CPU.Build.0 = Debug|Any CPU
		{AF9CBAEC-0BC0-4B2C-8D2A-638F35237F6C}.Release|Any CPU.ActiveCfg = Release|Any CPU
		{AF9CBAEC-0BC0-4B2C-8D2A-638F35237F6C}.Release|Any CPU.Build.0 = Release|Any CPU
		{AB2EE858-2DB4-440B-82E4-4336B12F8ED2}.Debug|Any CPU.ActiveCfg = Debug|Any CPU
		{AB2EE858-2DB4-440B-82E4-4336B12F8ED2}.Debug|Any CPU.Build.0 = Debug|Any CPU
		{AB2EE858-2DB4-440B-82E4-4336B12F8ED2}.Release|Any CPU.ActiveCfg = Release|Any CPU
		{AB2EE858-2DB4-440B-82E4-4336B12F8ED2}.Release|Any CPU.Build.0 = Release|Any CPU
		{8C19A9AF-5C0D-4909-A3AB-B363831616B4}.Debug|Any CPU.ActiveCfg = Debug|Any CPU
		{8C19A9AF-5C0D-4909-A3AB-B363831616B4}.Debug|Any CPU.Build.0 = Debug|Any CPU
		{8C19A9AF-5C0D-4909-A3AB-B363831616B4}.Release|Any CPU.ActiveCfg = Release|Any CPU
		{8C19A9AF-5C0D-4909-A3AB-B363831616B4}.Release|Any CPU.Build.0 = Release|Any CPU
		{C80F19F1-17FE-403C-A258-5C41F3267923}.Debug|Any CPU.ActiveCfg = Debug|Any CPU
		{C80F19F1-17FE-403C-A258-5C41F3267923}.Debug|Any CPU.Build.0 = Debug|Any CPU
		{C80F19F1-17FE-403C-A258-5C41F3267923}.Release|Any CPU.ActiveCfg = Release|Any CPU
		{C80F19F1-17FE-403C-A258-5C41F3267923}.Release|Any CPU.Build.0 = Release|Any CPU
		{4258F9BE-D279-4854-B12E-CC74ADD9806B}.Debug|Any CPU.ActiveCfg = Debug|Any CPU
		{4258F9BE-D279-4854-B12E-CC74ADD9806B}.Debug|Any CPU.Build.0 = Debug|Any CPU
		{4258F9BE-D279-4854-B12E-CC74ADD9806B}.Release|Any CPU.ActiveCfg = Release|Any CPU
		{4258F9BE-D279-4854-B12E-CC74ADD9806B}.Release|Any CPU.Build.0 = Release|Any CPU
		{F7500577-7FEE-4D22-83CF-28D4C69E1E56}.Debug|Any CPU.ActiveCfg = Debug|Any CPU
		{F7500577-7FEE-4D22-83CF-28D4C69E1E56}.Debug|Any CPU.Build.0 = Debug|Any CPU
		{F7500577-7FEE-4D22-83CF-28D4C69E1E56}.Release|Any CPU.ActiveCfg = Release|Any CPU
		{F7500577-7FEE-4D22-83CF-28D4C69E1E56}.Release|Any CPU.Build.0 = Release|Any CPU
		{77B0C24E-C80F-406C-88DA-E13941DC6C34}.Debug|Any CPU.ActiveCfg = Debug|Any CPU
		{77B0C24E-C80F-406C-88DA-E13941DC6C34}.Debug|Any CPU.Build.0 = Debug|Any CPU
		{77B0C24E-C80F-406C-88DA-E13941DC6C34}.Release|Any CPU.ActiveCfg = Release|Any CPU
		{77B0C24E-C80F-406C-88DA-E13941DC6C34}.Release|Any CPU.Build.0 = Release|Any CPU
		{3D975219-7392-4E88-9412-152A9048A7A3}.Debug|Any CPU.ActiveCfg = Debug|Any CPU
		{3D975219-7392-4E88-9412-152A9048A7A3}.Debug|Any CPU.Build.0 = Debug|Any CPU
		{3D975219-7392-4E88-9412-152A9048A7A3}.Release|Any CPU.ActiveCfg = Release|Any CPU
		{3D975219-7392-4E88-9412-152A9048A7A3}.Release|Any CPU.Build.0 = Release|Any CPU
		{0FAAF687-EE2D-4D0B-A0B5-1ED59366ACF3}.Debug|Any CPU.ActiveCfg = Debug|Any CPU
		{0FAAF687-EE2D-4D0B-A0B5-1ED59366ACF3}.Debug|Any CPU.Build.0 = Debug|Any CPU
		{0FAAF687-EE2D-4D0B-A0B5-1ED59366ACF3}.Release|Any CPU.ActiveCfg = Release|Any CPU
		{0FAAF687-EE2D-4D0B-A0B5-1ED59366ACF3}.Release|Any CPU.Build.0 = Release|Any CPU
		{AD3BCD94-9B41-4DB7-ACBE-DA3B55EDEE0B}.Debug|Any CPU.ActiveCfg = Debug|Any CPU
		{AD3BCD94-9B41-4DB7-ACBE-DA3B55EDEE0B}.Debug|Any CPU.Build.0 = Debug|Any CPU
		{AD3BCD94-9B41-4DB7-ACBE-DA3B55EDEE0B}.Release|Any CPU.ActiveCfg = Release|Any CPU
		{AD3BCD94-9B41-4DB7-ACBE-DA3B55EDEE0B}.Release|Any CPU.Build.0 = Release|Any CPU
	EndGlobalSection
	GlobalSection(SolutionProperties) = preSolution
		HideSolutionNode = FALSE
	EndGlobalSection
EndGlobal
