
Microsoft Visual Studio Solution File, Format Version 12.00
# Visual Studio 2012
Project("{00D1A9C2-B5F0-4AF3-8072-F6C62B433612}") = "ASITechDatabase", "ASITechDatabase\ASITechDatabase.sqlproj", "{3781C95E-5865-4BFD-BCC4-160D27624B67}"
EndProject
Project("{FAE04EC0-301F-11D3-BF4B-00C04F79EFBC}") = "OrdersService", "OrdersService\OrdersService.csproj", "{4258F9BE-D279-4854-B12E-CC74ADD9806B}"
EndProject
Project("{FAE04EC0-301F-11D3-BF4B-00C04F79EFBC}") = "DAL.Interfaces", "DAL.Interfaces\DAL.Interfaces.csproj", "{5239C5A8-0C7F-406B-9D6B-74846B86DBB4}"
EndProject
Project("{FAE04EC0-301F-11D3-BF4B-00C04F79EFBC}") = "DAL.EntityFramework", "DAL.EntityFramework\DAL.EntityFramework.csproj", "{ACD03E0B-78EB-4BBC-B8CA-F7AA63713325}"
EndProject
Project("{FAE04EC0-301F-11D3-BF4B-00C04F79EFBC}") = "ServicesCommon", "ServicesCommon\ServicesCommon.csproj", "{712715EA-B3B3-4738-8CC5-BA6D834EF771}"
EndProject
Global
	GlobalSection(SolutionConfigurationPlatforms) = preSolution
		Debug|Any CPU = Debug|Any CPU
		Release|Any CPU = Release|Any CPU
	EndGlobalSection
	GlobalSection(ProjectConfigurationPlatforms) = postSolution
		{3781C95E-5865-4BFD-BCC4-160D27624B67}.Debug|Any CPU.ActiveCfg = Debug|Any CPU
		{3781C95E-5865-4BFD-BCC4-160D27624B67}.Debug|Any CPU.Build.0 = Debug|Any CPU
		{3781C95E-5865-4BFD-BCC4-160D27624B67}.Debug|Any CPU.Deploy.0 = Debug|Any CPU
		{3781C95E-5865-4BFD-BCC4-160D27624B67}.Release|Any CPU.ActiveCfg = Release|Any CPU
		{3781C95E-5865-4BFD-BCC4-160D27624B67}.Release|Any CPU.Build.0 = Release|Any CPU
		{3781C95E-5865-4BFD-BCC4-160D27624B67}.Release|Any CPU.Deploy.0 = Release|Any CPU
		{4258F9BE-D279-4854-B12E-CC74ADD9806B}.Debug|Any CPU.ActiveCfg = Debug|Any CPU
		{4258F9BE-D279-4854-B12E-CC74ADD9806B}.Debug|Any CPU.Build.0 = Debug|Any CPU
		{4258F9BE-D279-4854-B12E-CC74ADD9806B}.Release|Any CPU.ActiveCfg = Release|Any CPU
		{4258F9BE-D279-4854-B12E-CC74ADD9806B}.Release|Any CPU.Build.0 = Release|Any CPU
		{5239C5A8-0C7F-406B-9D6B-74846B86DBB4}.Debug|Any CPU.ActiveCfg = Debug|Any CPU
		{5239C5A8-0C7F-406B-9D6B-74846B86DBB4}.Debug|Any CPU.Build.0 = Debug|Any CPU
		{5239C5A8-0C7F-406B-9D6B-74846B86DBB4}.Release|Any CPU.ActiveCfg = Release|Any CPU
		{5239C5A8-0C7F-406B-9D6B-74846B86DBB4}.Release|Any CPU.Build.0 = Release|Any CPU
		{ACD03E0B-78EB-4BBC-B8CA-F7AA63713325}.Debug|Any CPU.ActiveCfg = Debug|Any CPU
		{ACD03E0B-78EB-4BBC-B8CA-F7AA63713325}.Debug|Any CPU.Build.0 = Debug|Any CPU
		{ACD03E0B-78EB-4BBC-B8CA-F7AA63713325}.Release|Any CPU.ActiveCfg = Release|Any CPU
		{ACD03E0B-78EB-4BBC-B8CA-F7AA63713325}.Release|Any CPU.Build.0 = Release|Any CPU
		{712715EA-B3B3-4738-8CC5-BA6D834EF771}.Debug|Any CPU.ActiveCfg = Debug|Any CPU
		{712715EA-B3B3-4738-8CC5-BA6D834EF771}.Debug|Any CPU.Build.0 = Debug|Any CPU
		{712715EA-B3B3-4738-8CC5-BA6D834EF771}.Release|Any CPU.ActiveCfg = Release|Any CPU
		{712715EA-B3B3-4738-8CC5-BA6D834EF771}.Release|Any CPU.Build.0 = Release|Any CPU
	EndGlobalSection
	GlobalSection(SolutionProperties) = preSolution
		HideSolutionNode = FALSE
	EndGlobalSection
EndGlobal
